schema-version: 1
generator: "skillhire@d6cb4de-dirty"
installed:
  atlas:
    version: "0.1.0"
    digest: sha256:f8671ffdec326ca0000998321e949775ce6afc7f4fe6a0e881c21ab410329f02
    size: 4514
    source: monorepo:skills/atlas
    resolved-from: atlas-0.1.0.release.yaml
  treasure-chest:
    version: "0.2.0"
    digest: sha256:e9dff168d65755cb38d2a740050569b52467fdf3d10c12f293bf6e849266e1c6
    size: 44121
    source: monorepo:skills/treasure-chest
    resolved-from: treasure-chest-0.2.0.release.yaml
