schema-version: 1
generator: "skillhire@f4133d2-dirty"
installed:
  atlas:
    version: "0.1.0"
    digest: sha256:f8671ffdec326ca0000998321e949775ce6afc7f4fe6a0e881c21ab410329f02
    size: 4514
    source: monorepo:skills/atlas
    resolved-from: atlas-0.1.0.release.yaml
  treasure-chest:
    version: "0.2.0"
    digest: sha256:adfde967717d4be8ff6fc75bf38b4507ad5b00f63d434d61cd722cc7e2a2a585
    size: 68456
    source: monorepo:skills/treasure-chest
    resolved-from: treasure-chest-0.2.0.release.yaml
