schema-version: 1
generator: "skillhire@ce86d51-dirty"
installed:
  atlas:
    version: "0.1.0"
    digest: sha256:f8671ffdec326ca0000998321e949775ce6afc7f4fe6a0e881c21ab410329f02
    size: 4514
    source: monorepo:skills/atlas
    resolved-from: atlas-0.1.0.release.yaml
  treasure-chest:
    version: "0.2.0"
    digest: sha256:9beb9dea0604d090f6cf98203998b1b6b5a999dd96ddbb2bf3930dc0d3d393ee
    size: 44672
    source: monorepo:skills/treasure-chest
    resolved-from: treasure-chest-0.2.0.release.yaml
